
Microsoft Visual Studio Solution File, Format Version 12.00
# Visual Studio Version 17
VisualStudioVersion = 17.8.34330.188
MinimumVisualStudioVersion = 10.0.40219.1
Project("{9A19103F-16F7-4668-BE54-9A1E7A4F7556}") = "泛型", "泛型\泛型.csproj", "{DDE78DF5-CD69-49C5-9253-51DBADBDA979}"
EndProject
Project("{9A19103F-16F7-4668-BE54-9A1E7A4F7556}") = "设计模式-组合模式", "设计模式-组合模式\设计模式-组合模式.csproj", "{A4DBEDC5-E1AF-4330-8774-A41706BB2017}"
EndProject
Project("{9A19103F-16F7-4668-BE54-9A1E7A4F7556}") = "设计模式_策略模式", "设计模式_策略模式\设计模式_策略模式.csproj", "{4541DB9E-DBE0-4EBF-A920-54F2EDC3F824}"
EndProject
Project("{9A19103F-16F7-4668-BE54-9A1E7A4F7556}") = "设计模式_解释器模式", "设计模式_解释器模式\设计模式_解释器模式.csproj", "{005DB513-4B17-4C50-BD78-FA2F4829C737}"
EndProject
Project("{9A19103F-16F7-4668-BE54-9A1E7A4F7556}") = "设计模式_享元模式", "设计模式_享元模式\设计模式_享元模式.csproj", "{728CC809-DD20-4AA5-A3C5-B8CB683E9C3B}"
EndProject
Project("{9A19103F-16F7-4668-BE54-9A1E7A4F7556}") = "数据结构与算法_归并排序", "数据结构与算法_归并排序\数据结构与算法_归并排序.csproj", "{EE6DA870-CFF5-4B9C-A985-F17D45A4B73D}"
EndProject
Project("{9A19103F-16F7-4668-BE54-9A1E7A4F7556}") = "委托", "委托\委托.csproj", "{A7B05499-8035-4398-BDCE-42B7CB8426C8}"
EndProject
Project("{9A19103F-16F7-4668-BE54-9A1E7A4F7556}") = "事件", "事件\事件.csproj", "{F07E4543-C62A-4062-873C-5E66D554F077}"
EndProject
Project("{9A19103F-16F7-4668-BE54-9A1E7A4F7556}") = "设计模式_观察者模式", "设计模式_观察者模式\设计模式_观察者模式.csproj", "{D5001561-41C0-4664-B9D6-8789DDA5187D}"
EndProject
Project("{9A19103F-16F7-4668-BE54-9A1E7A4F7556}") = "反射和特性", "反射和特性\反射和特性.csproj", "{F918B510-3EE8-4DD6-B047-035D193FDB87}"
EndProject
Project("{9A19103F-16F7-4668-BE54-9A1E7A4F7556}") = "进程线程与同步", "进程线程与同步\进程线程与同步.csproj", "{4030EBB3-D18A-47B3-A27A-4C3B284D660C}"
EndProject
Project("{9A19103F-16F7-4668-BE54-9A1E7A4F7556}") = "数据结构与算法_快速排序", "数据结构与算法_快速排序\数据结构与算法_快速排序.csproj", "{C03CFEED-C46E-433B-A7B2-625CB2C7CF4F}"
EndProject
Project("{9A19103F-16F7-4668-BE54-9A1E7A4F7556}") = "数据结构与算法_二叉树", "数据结构与算法_二叉树\数据结构与算法_二叉树.csproj", "{548719AE-CA20-41EF-8971-966D15632F65}"
EndProject
Project("{FAE04EC0-301F-11D3-BF4B-00C04F79EFBC}") = "数据结构与算法_哈希函数与哈希表", "数据结构与算法_哈希函数与哈希表\数据结构与算法_哈希函数与哈希表.csproj", "{09036080-0E2A-4BDC-88F1-D65C9E802882}"
EndProject
Global
	GlobalSection(SolutionConfigurationPlatforms) = preSolution
		Debug|Any CPU = Debug|Any CPU
		Release|Any CPU = Release|Any CPU
	EndGlobalSection
	GlobalSection(ProjectConfigurationPlatforms) = postSolution
		{DDE78DF5-CD69-49C5-9253-51DBADBDA979}.Debug|Any CPU.ActiveCfg = Debug|Any CPU
		{DDE78DF5-CD69-49C5-9253-51DBADBDA979}.Debug|Any CPU.Build.0 = Debug|Any CPU
		{DDE78DF5-CD69-49C5-9253-51DBADBDA979}.Release|Any CPU.ActiveCfg = Release|Any CPU
		{DDE78DF5-CD69-49C5-9253-51DBADBDA979}.Release|Any CPU.Build.0 = Release|Any CPU
		{A4DBEDC5-E1AF-4330-8774-A41706BB2017}.Debug|Any CPU.ActiveCfg = Debug|Any CPU
		{A4DBEDC5-E1AF-4330-8774-A41706BB2017}.Debug|Any CPU.Build.0 = Debug|Any CPU
		{A4DBEDC5-E1AF-4330-8774-A41706BB2017}.Release|Any CPU.ActiveCfg = Release|Any CPU
		{A4DBEDC5-E1AF-4330-8774-A41706BB2017}.Release|Any CPU.Build.0 = Release|Any CPU
		{4541DB9E-DBE0-4EBF-A920-54F2EDC3F824}.Debug|Any CPU.ActiveCfg = Debug|Any CPU
		{4541DB9E-DBE0-4EBF-A920-54F2EDC3F824}.Debug|Any CPU.Build.0 = Debug|Any CPU
		{4541DB9E-DBE0-4EBF-A920-54F2EDC3F824}.Release|Any CPU.ActiveCfg = Release|Any CPU
		{4541DB9E-DBE0-4EBF-A920-54F2EDC3F824}.Release|Any CPU.Build.0 = Release|Any CPU
		{005DB513-4B17-4C50-BD78-FA2F4829C737}.Debug|Any CPU.ActiveCfg = Debug|Any CPU
		{005DB513-4B17-4C50-BD78-FA2F4829C737}.Debug|Any CPU.Build.0 = Debug|Any CPU
		{005DB513-4B17-4C50-BD78-FA2F4829C737}.Release|Any CPU.ActiveCfg = Release|Any CPU
		{005DB513-4B17-4C50-BD78-FA2F4829C737}.Release|Any CPU.Build.0 = Release|Any CPU
		{728CC809-DD20-4AA5-A3C5-B8CB683E9C3B}.Debug|Any CPU.ActiveCfg = Debug|Any CPU
		{728CC809-DD20-4AA5-A3C5-B8CB683E9C3B}.Debug|Any CPU.Build.0 = Debug|Any CPU
		{728CC809-DD20-4AA5-A3C5-B8CB683E9C3B}.Release|Any CPU.ActiveCfg = Release|Any CPU
		{728CC809-DD20-4AA5-A3C5-B8CB683E9C3B}.Release|Any CPU.Build.0 = Release|Any CPU
		{EE6DA870-CFF5-4B9C-A985-F17D45A4B73D}.Debug|Any CPU.ActiveCfg = Debug|Any CPU
		{EE6DA870-CFF5-4B9C-A985-F17D45A4B73D}.Debug|Any CPU.Build.0 = Debug|Any CPU
		{EE6DA870-CFF5-4B9C-A985-F17D45A4B73D}.Release|Any CPU.ActiveCfg = Release|Any CPU
		{EE6DA870-CFF5-4B9C-A985-F17D45A4B73D}.Release|Any CPU.Build.0 = Release|Any CPU
		{A7B05499-8035-4398-BDCE-42B7CB8426C8}.Debug|Any CPU.ActiveCfg = Debug|Any CPU
		{A7B05499-8035-4398-BDCE-42B7CB8426C8}.Debug|Any CPU.Build.0 = Debug|Any CPU
		{A7B05499-8035-4398-BDCE-42B7CB8426C8}.Release|Any CPU.ActiveCfg = Release|Any CPU
		{A7B05499-8035-4398-BDCE-42B7CB8426C8}.Release|Any CPU.Build.0 = Release|Any CPU
		{F07E4543-C62A-4062-873C-5E66D554F077}.Debug|Any CPU.ActiveCfg = Debug|Any CPU
		{F07E4543-C62A-4062-873C-5E66D554F077}.Debug|Any CPU.Build.0 = Debug|Any CPU
		{F07E4543-C62A-4062-873C-5E66D554F077}.Release|Any CPU.ActiveCfg = Release|Any CPU
		{F07E4543-C62A-4062-873C-5E66D554F077}.Release|Any CPU.Build.0 = Release|Any CPU
		{D5001561-41C0-4664-B9D6-8789DDA5187D}.Debug|Any CPU.ActiveCfg = Debug|Any CPU
		{D5001561-41C0-4664-B9D6-8789DDA5187D}.Debug|Any CPU.Build.0 = Debug|Any CPU
		{D5001561-41C0-4664-B9D6-8789DDA5187D}.Release|Any CPU.ActiveCfg = Release|Any CPU
		{D5001561-41C0-4664-B9D6-8789DDA5187D}.Release|Any CPU.Build.0 = Release|Any CPU
		{F918B510-3EE8-4DD6-B047-035D193FDB87}.Debug|Any CPU.ActiveCfg = Debug|Any CPU
		{F918B510-3EE8-4DD6-B047-035D193FDB87}.Debug|Any CPU.Build.0 = Debug|Any CPU
		{F918B510-3EE8-4DD6-B047-035D193FDB87}.Release|Any CPU.ActiveCfg = Release|Any CPU
		{F918B510-3EE8-4DD6-B047-035D193FDB87}.Release|Any CPU.Build.0 = Release|Any CPU
		{4030EBB3-D18A-47B3-A27A-4C3B284D660C}.Debug|Any CPU.ActiveCfg = Debug|Any CPU
		{4030EBB3-D18A-47B3-A27A-4C3B284D660C}.Debug|Any CPU.Build.0 = Debug|Any CPU
		{4030EBB3-D18A-47B3-A27A-4C3B284D660C}.Release|Any CPU.ActiveCfg = Release|Any CPU
		{4030EBB3-D18A-47B3-A27A-4C3B284D660C}.Release|Any CPU.Build.0 = Release|Any CPU
		{C03CFEED-C46E-433B-A7B2-625CB2C7CF4F}.Debug|Any CPU.ActiveCfg = Debug|Any CPU
		{C03CFEED-C46E-433B-A7B2-625CB2C7CF4F}.Debug|Any CPU.Build.0 = Debug|Any CPU
		{C03CFEED-C46E-433B-A7B2-625CB2C7CF4F}.Release|Any CPU.ActiveCfg = Release|Any CPU
		{C03CFEED-C46E-433B-A7B2-625CB2C7CF4F}.Release|Any CPU.Build.0 = Release|Any CPU
		{548719AE-CA20-41EF-8971-966D15632F65}.Debug|Any CPU.ActiveCfg = Debug|Any CPU
		{548719AE-CA20-41EF-8971-966D15632F65}.Debug|Any CPU.Build.0 = Debug|Any CPU
		{548719AE-CA20-41EF-8971-966D15632F65}.Release|Any CPU.ActiveCfg = Release|Any CPU
		{548719AE-CA20-41EF-8971-966D15632F65}.Release|Any CPU.Build.0 = Release|Any CPU
		{09036080-0E2A-4BDC-88F1-D65C9E802882}.Debug|Any CPU.ActiveCfg = Debug|Any CPU
		{09036080-0E2A-4BDC-88F1-D65C9E802882}.Debug|Any CPU.Build.0 = Debug|Any CPU
		{09036080-0E2A-4BDC-88F1-D65C9E802882}.Release|Any CPU.ActiveCfg = Release|Any CPU
		{09036080-0E2A-4BDC-88F1-D65C9E802882}.Release|Any CPU.Build.0 = Release|Any CPU
	EndGlobalSection
	GlobalSection(SolutionProperties) = preSolution
		HideSolutionNode = FALSE
	EndGlobalSection
	GlobalSection(ExtensibilityGlobals) = postSolution
		SolutionGuid = {52D01CF6-2E38-46C6-9A39-A6BD8D7AD8F2}
	EndGlobalSection
EndGlobal
